{
  "nodes": {
    "disko": {
      "inputs": {
        "nixpkgs": [
          "nixpkgs"
        ]
      },
      "locked": {
        "lastModified": 1695864092,
        "narHash": "sha256-Hu1SkFPqO7ND95AOzBkZE2jGXSYhfZ965C03O72Kbu8=",
        "owner": "nix-community",
        "repo": "disko",
        "rev": "19b62324663b6b9859caf7f335d232cf4f1f6a32",
        "type": "github"
      },
      "original": {
        "owner": "nix-community",
        "repo": "disko",
        "type": "github"
      }
    },
    "flake-parts": {
      "inputs": {
        "nixpkgs-lib": [
          "nixpkgs"
        ]
      },
      "locked": {
        "lastModified": 1693611461,
        "narHash": "sha256-aPODl8vAgGQ0ZYFIRisxYG5MOGSkIczvu2Cd8Gb9+1Y=",
        "owner": "hercules-ci",
        "repo": "flake-parts",
        "rev": "7f53fdb7bdc5bb237da7fefef12d099e4fd611ca",
        "type": "github"
      },
      "original": {
        "owner": "hercules-ci",
        "repo": "flake-parts",
        "type": "github"
      }
    },
    "nix-darwin": {
      "inputs": {
        "nixpkgs": [
          "nixpkgs"
        ]
      },
      "locked": {
        "lastModified": 1696043447,
        "narHash": "sha256-VbJ1dY5pVH2fX1bS+cT2+4+BYEk4lMHRP0+udu9G6tk=",
        "owner": "LnL7",
        "repo": "nix-darwin",
        "rev": "792c2e01347cb1b2e7ec84a1ef73453ca86537d8",
        "type": "github"
      },
      "original": {
        "owner": "LnL7",
        "repo": "nix-darwin",
        "type": "github"
      }
    },
    "nixpkgs": {
      "locked": {
        "lastModified": 1696162325,
        "narHash": "sha256-TSjDm0+hYMhi5mo2f0YGm10/UJdFfQTqRsFodsGjW5I=",
        "owner": "NixOS",
        "repo": "nixpkgs",
        "rev": "5d861cc17287f5a23483ead730f82d422cc1a98c",
        "type": "github"
      },
      "original": {
        "owner": "NixOS",
        "ref": "nixos-unstable-small",
        "repo": "nixpkgs",
        "type": "github"
      }
    },
    "nixpkgs-update": {
      "inputs": {
        "mmdoc": [],
        "nixpkgs": "nixpkgs_2"
      },
      "locked": {
        "lastModified": 1696791238,
        "narHash": "sha256-Etzg2QLOD1e8bVwexUn8w2077CsVdmpxeePx2GdAUOQ=",
        "owner": "ryantm",
        "repo": "nixpkgs-update",
        "rev": "a3f51a09caab8013d07965470d323648ab62b8bb",
        "type": "github"
      },
      "original": {
        "owner": "ryantm",
        "repo": "nixpkgs-update",
        "type": "github"
      }
    },
    "nixpkgs-update-github-releases": {
      "flake": false,
      "locked": {
        "lastModified": 1580759633,
        "narHash": "sha256-BILWeSDxOY8S5eRz5eXnRj48xzrzQJ6v6Bv0hVtvNGg=",
        "owner": "ryantm",
        "repo": "nixpkgs-update-github-releases",
        "rev": "e31b003d8edd400d06b718c717c19532585389f9",
        "type": "github"
      },
      "original": {
        "owner": "ryantm",
        "repo": "nixpkgs-update-github-releases",
        "type": "github"
      }
    },
    "nixpkgs_2": {
      "locked": {
        "lastModified": 1672428209,
        "narHash": "sha256-eejhqkDz2cb2vc5VeaWphJz8UXNuoNoM8/Op8eWv2tQ=",
        "owner": "NixOS",
        "repo": "nixpkgs",
        "rev": "293a28df6d7ff3dec1e61e37cc4ee6e6c0fb0847",
        "type": "github"
      },
      "original": {
        "id": "nixpkgs",
        "type": "indirect"
      }
    },
    "nur-update": {
      "inputs": {
        "nixpkgs": [
          "nixpkgs"
        ]
      },
      "locked": {
        "lastModified": 1694592106,
        "narHash": "sha256-6j7wAar91t3vecNdJ1OLv5x9+PZSPvVMyDU5wuWqrHU=",
        "owner": "nix-community",
        "repo": "nur-update",
        "rev": "d15497e25c2ce6921c39d41fd459efd287c6d79c",
        "type": "github"
      },
      "original": {
        "owner": "nix-community",
        "repo": "nur-update",
        "type": "github"
      }
    },
    "root": {
      "inputs": {
        "disko": "disko",
        "flake-parts": "flake-parts",
        "nix-darwin": "nix-darwin",
        "nixpkgs": "nixpkgs",
        "nixpkgs-update": "nixpkgs-update",
        "nixpkgs-update-github-releases": "nixpkgs-update-github-releases",
        "nur-update": "nur-update",
        "sops-nix": "sops-nix",
        "srvos": "srvos",
        "tf-pkgs": "tf-pkgs",
        "treefmt-nix": "treefmt-nix"
      }
    },
    "sops-nix": {
      "inputs": {
        "nixpkgs": [
          "nixpkgs"
        ],
        "nixpkgs-stable": []
      },
      "locked": {
        "lastModified": 1695284550,
        "narHash": "sha256-z9fz/wz9qo9XePEvdduf+sBNeoI9QG8NJKl5ssA8Xl4=",
        "owner": "Mic92",
        "repo": "sops-nix",
        "rev": "2f375ed8702b0d8ee2430885059d5e7975e38f78",
        "type": "github"
      },
      "original": {
        "owner": "Mic92",
        "repo": "sops-nix",
        "type": "github"
      }
    },
    "srvos": {
      "inputs": {
        "nixpkgs": [
          "nixpkgs"
        ]
      },
      "locked": {
        "lastModified": 1695864227,
        "narHash": "sha256-X3ADr3UE0Cws7yRLnMyo6VbBWrbkT8KMrds8TK6IYXw=",
        "owner": "numtide",
        "repo": "srvos",
        "rev": "25cf328a2d83926dde264b6195d82bc6dcfb4b0c",
        "type": "github"
      },
      "original": {
        "owner": "numtide",
        "repo": "srvos",
        "type": "github"
      }
    },
    "tf-pkgs": {
      "locked": {
        "lastModified": 1691958685,
        "narHash": "sha256-kVozCmMA1i1UIeweiAYl9PUaClqSu6g5qYnq7KWOk6A=",
        "owner": "NixOS",
        "repo": "nixpkgs",
        "rev": "5cc930fbdf3e069df2efc5de6dd728a9f13e9ba9",
        "type": "github"
      },
      "original": {
        "owner": "NixOS",
        "repo": "nixpkgs",
        "rev": "5cc930fbdf3e069df2efc5de6dd728a9f13e9ba9",
        "type": "github"
      }
    },
    "treefmt-nix": {
      "inputs": {
        "nixpkgs": [
          "nixpkgs"
        ]
      },
      "locked": {
        "lastModified": 1695822946,
        "narHash": "sha256-IQU3fYo0H+oGlqX5YrgZU3VRhbt2Oqe6KmslQKUO4II=",
        "owner": "numtide",
        "repo": "treefmt-nix",
        "rev": "720bd006d855b08e60664e4683ccddb7a9ff614a",
        "type": "github"
      },
      "original": {
        "owner": "numtide",
        "repo": "treefmt-nix",
        "type": "github"
      }
    }
  },
  "root": "root",
  "version": 7
}
