{
  "nodes": {
    "disko": {
      "inputs": {
        "nixpkgs": [
          "nixpkgs"
        ]
      },
      "locked": {
        "lastModified": 1674131019,
        "narHash": "sha256-NmbeqCEM9GwwlYPNmu4aWZX3nfBJuMvaJ7T7QzWd8MM=",
        "owner": "nix-community",
        "repo": "disko",
        "rev": "e1eba38e8ea3ee6ca8ffef57668d4a37fff19ca4",
        "type": "github"
      },
      "original": {
        "owner": "nix-community",
        "repo": "disko",
        "type": "github"
      }
    },
    "flake-parts": {
      "inputs": {
        "nixpkgs-lib": [
          "nixpkgs"
        ]
      },
      "locked": {
        "lastModified": 1673362319,
        "narHash": "sha256-Pjp45Vnj7S/b3BRpZEVfdu8sqqA6nvVjvYu59okhOyI=",
        "owner": "hercules-ci",
        "repo": "flake-parts",
        "rev": "82c16f1682cf50c01cb0280b38a1eed202b3fe9f",
        "type": "github"
      },
      "original": {
        "owner": "hercules-ci",
        "repo": "flake-parts",
        "type": "github"
      }
    },
    "nixpkgs": {
      "locked": {
        "lastModified": 1674101896,
        "narHash": "sha256-xWLaexT6IHhOJru54wrOMeBbkKeJzOZ4Pqrxctf82q0=",
        "owner": "NixOS",
        "repo": "nixpkgs",
        "rev": "a841e262264e48722dccc8469f066068146e406b",
        "type": "github"
      },
      "original": {
        "owner": "NixOS",
        "ref": "nixos-unstable-small",
        "repo": "nixpkgs",
        "type": "github"
      }
    },
    "nixpkgs-stable": {
      "locked": {
        "lastModified": 1673740915,
        "narHash": "sha256-MMH8zONfqahgHly3K8/A++X34800rajA/XgZ2DzNL/M=",
        "owner": "NixOS",
        "repo": "nixpkgs",
        "rev": "7c65528c3f8462b902e09d1ccca23bb9034665c2",
        "type": "github"
      },
      "original": {
        "owner": "NixOS",
        "ref": "release-22.11",
        "repo": "nixpkgs",
        "type": "github"
      }
    },
    "nixpkgs-update": {
      "inputs": {
        "mmdoc": [],
        "nixpkgs": "nixpkgs_2"
      },
      "locked": {
        "lastModified": 1672978306,
        "narHash": "sha256-PyfYnN7rcElHxfib75iav4eM1SZCCz2v+cuOlrcDfyc=",
        "owner": "ryantm",
        "repo": "nixpkgs-update",
        "rev": "fd546296e7481ac1ab23350abbdbb33d4cf1ccec",
        "type": "github"
      },
      "original": {
        "owner": "ryantm",
        "repo": "nixpkgs-update",
        "type": "github"
      }
    },
    "nixpkgs-update-github-releases": {
      "flake": false,
      "locked": {
        "lastModified": 1580759633,
        "narHash": "sha256-BILWeSDxOY8S5eRz5eXnRj48xzrzQJ6v6Bv0hVtvNGg=",
        "owner": "ryantm",
        "repo": "nixpkgs-update-github-releases",
        "rev": "e31b003d8edd400d06b718c717c19532585389f9",
        "type": "github"
      },
      "original": {
        "owner": "ryantm",
        "repo": "nixpkgs-update-github-releases",
        "type": "github"
      }
    },
    "nixpkgs-update-pypi-releases": {
      "flake": false,
      "locked": {
        "lastModified": 1628829542,
        "narHash": "sha256-KcCJgTuBh9HITE2mpSHQA36BiFtGW7sLWKVS29biwgM=",
        "owner": "ryantm",
        "repo": "nixpkgs-update-pypi-releases",
        "rev": "56afe60a7fd7ee7f5dac5feeea8a983aba759997",
        "type": "github"
      },
      "original": {
        "owner": "ryantm",
        "repo": "nixpkgs-update-pypi-releases",
        "type": "github"
      }
    },
    "nixpkgs_2": {
      "locked": {
        "lastModified": 1672428209,
        "narHash": "sha256-eejhqkDz2cb2vc5VeaWphJz8UXNuoNoM8/Op8eWv2tQ=",
        "owner": "NixOS",
        "repo": "nixpkgs",
        "rev": "293a28df6d7ff3dec1e61e37cc4ee6e6c0fb0847",
        "type": "github"
      },
      "original": {
        "id": "nixpkgs",
        "type": "indirect"
      }
    },
    "nur-update": {
      "inputs": {
        "nixpkgs": [
          "nixpkgs"
        ]
      },
      "locked": {
        "lastModified": 1671785693,
        "narHash": "sha256-Bh3rJeU3gDBIZ8o0SCHlgSuqlqC4HogFr8kzGMQojGg=",
        "owner": "nix-community",
        "repo": "nur-update",
        "rev": "0f7983d6b511f96870d163308d7a67eaff34cd1f",
        "type": "github"
      },
      "original": {
        "owner": "nix-community",
        "repo": "nur-update",
        "type": "github"
      }
    },
    "root": {
      "inputs": {
        "disko": "disko",
        "flake-parts": "flake-parts",
        "nixpkgs": "nixpkgs",
        "nixpkgs-update": "nixpkgs-update",
        "nixpkgs-update-github-releases": "nixpkgs-update-github-releases",
        "nixpkgs-update-pypi-releases": "nixpkgs-update-pypi-releases",
        "nur-update": "nur-update",
        "sops-nix": "sops-nix",
        "srvos": "srvos",
        "treefmt-nix": "treefmt-nix"
      }
    },
    "sops-nix": {
      "inputs": {
        "nixpkgs": [
          "nixpkgs"
        ],
        "nixpkgs-stable": "nixpkgs-stable"
      },
      "locked": {
        "lastModified": 1673752321,
        "narHash": "sha256-EFfXY1ZHJq4FNaNQA9x0djtu/jiOhBbT0Xi+BT06cJw=",
        "owner": "Mic92",
        "repo": "sops-nix",
        "rev": "e18eefd2b133a58309475298052c341c08470717",
        "type": "github"
      },
      "original": {
        "owner": "Mic92",
        "repo": "sops-nix",
        "type": "github"
      }
    },
    "srvos": {
      "inputs": {
        "nixpkgs": [
          "nixpkgs"
        ]
      },
      "locked": {
        "lastModified": 1673974526,
        "narHash": "sha256-13aJ6gEIQu6K49w93nCw8gdxUO5EFMCWv8WkLkBLcGs=",
        "owner": "numtide",
        "repo": "srvos",
        "rev": "298c241ecbd91a60ee1523f9a3353ea6be85b040",
        "type": "github"
      },
      "original": {
        "owner": "numtide",
        "repo": "srvos",
        "type": "github"
      }
    },
    "treefmt-nix": {
      "locked": {
        "lastModified": 1674470002,
        "narHash": "sha256-Tk1VaMeBTMMGEZeqv3TEwrTAdR9fYb3EH/TPI27AdKk=",
        "owner": "numtide",
        "repo": "treefmt-nix",
        "rev": "d5ed9a1e6793f99b2e179d5dec9639e48ef22db7",
        "type": "github"
      },
      "original": {
        "owner": "numtide",
        "repo": "treefmt-nix",
        "type": "github"
      }
    }
  },
  "root": "root",
  "version": 7
}
