{
  "nodes": {
    "buildbot-nix": {
      "inputs": {
        "flake-parts": [
          "flake-parts"
        ],
        "hercules-ci-effects": [
          "hercules-ci-effects"
        ],
        "nixpkgs": [
          "nixpkgs"
        ],
        "treefmt-nix": [
          "treefmt-nix"
        ]
      },
      "locked": {
        "lastModified": 1743168893,
        "narHash": "sha256-FuZP30GlJ87Hac8q48OHyctllXRFKEjsCtAPnYJQW1U=",
        "owner": "nix-community",
        "repo": "buildbot-nix",
        "rev": "474d5e49962363ea69d6388dd308292a13874068",
        "type": "github"
      },
      "original": {
        "owner": "nix-community",
        "repo": "buildbot-nix",
        "type": "github"
      }
    },
    "disko": {
      "inputs": {
        "nixpkgs": [
          "nixpkgs"
        ]
      },
      "locked": {
        "lastModified": 1743598667,
        "narHash": "sha256-ViE7NoFWytYO2uJONTAX35eGsvTYXNHjWALeHAg8OQY=",
        "owner": "nix-community",
        "repo": "disko",
        "rev": "329d3d7e8bc63dd30c39e14e6076db590a6eabe6",
        "type": "github"
      },
      "original": {
        "owner": "nix-community",
        "repo": "disko",
        "type": "github"
      }
    },
    "empty": {
      "locked": {
        "lastModified": 1708697125,
        "narHash": "sha256-JeMK8G1oabQTSpqXhYaYtPRak4m6z1xxyRKf8CvHy14=",
        "owner": "nix-systems",
        "repo": "empty",
        "rev": "23d743284b73ae69caf0cb7874edf05c0c631a1f",
        "type": "github"
      },
      "original": {
        "owner": "nix-systems",
        "repo": "empty",
        "type": "github"
      }
    },
    "flake-compat": {
      "locked": {
        "lastModified": 1717312683,
        "narHash": "sha256-FrlieJH50AuvagamEvWMIE6D2OAnERuDboFDYAED/dE=",
        "owner": "nix-community",
        "repo": "flake-compat",
        "rev": "38fd3954cf65ce6faf3d0d45cd26059e059f07ea",
        "type": "github"
      },
      "original": {
        "owner": "nix-community",
        "repo": "flake-compat",
        "type": "github"
      }
    },
    "flake-parts": {
      "inputs": {
        "nixpkgs-lib": [
          "nixpkgs"
        ]
      },
      "locked": {
        "lastModified": 1743550720,
        "narHash": "sha256-hIshGgKZCgWh6AYJpJmRgFdR3WUbkY04o82X05xqQiY=",
        "owner": "hercules-ci",
        "repo": "flake-parts",
        "rev": "c621e8422220273271f52058f618c94e405bb0f5",
        "type": "github"
      },
      "original": {
        "owner": "hercules-ci",
        "repo": "flake-parts",
        "type": "github"
      }
    },
    "hercules-ci-effects": {
      "inputs": {
        "flake-parts": [
          "flake-parts"
        ],
        "nixpkgs": [
          "nixpkgs"
        ]
      },
      "locked": {
        "lastModified": 1741497511,
        "narHash": "sha256-Etb3XEeFxj/8OyPrKmOH6ULv7PlxfQPtC3bterTv63I=",
        "owner": "qowoz",
        "repo": "hercules-ci-effects",
        "rev": "e129a705754c7dff65239e04c3b7f42f84790690",
        "type": "github"
      },
      "original": {
        "owner": "qowoz",
        "ref": "darwin-sudo",
        "repo": "hercules-ci-effects",
        "type": "github"
      }
    },
    "hydra": {
      "flake": false,
      "locked": {
        "lastModified": 1743978895,
        "narHash": "sha256-8SNcQvEdcAuaczHx/YFKA7AmlzOJkenrxoZXTNw8jxo=",
        "owner": "qowoz",
        "repo": "hydra",
        "rev": "01f884fcc3a9d73fab9d4b66e777ed5fa15dc787",
        "type": "github"
      },
      "original": {
        "owner": "qowoz",
        "ref": "community",
        "repo": "hydra",
        "type": "github"
      }
    },
    "lite-config": {
      "locked": {
        "lastModified": 1723691425,
        "narHash": "sha256-xOroQo/+CAtocvJQsGPE5ukr1Btp72xlcWPB4tBZp6M=",
        "owner": "yelite",
        "repo": "lite-config",
        "rev": "34357ad12ad0a66b2de55a2457159bda36c71a06",
        "type": "github"
      },
      "original": {
        "owner": "yelite",
        "repo": "lite-config",
        "type": "github"
      }
    },
    "nix": {
      "flake": false,
      "locked": {
        "lastModified": 1743493776,
        "narHash": "sha256-DPqyLkUT8NrdB177VNLxI1fYr3+ipkyQdhHnr5cIgL8=",
        "owner": "NixOS",
        "repo": "nix",
        "rev": "38de6fbe3867d405820cbed17615523c2e00557d",
        "type": "github"
      },
      "original": {
        "owner": "NixOS",
        "ref": "2.25-maintenance",
        "repo": "nix",
        "type": "github"
      }
    },
    "nix-darwin": {
      "inputs": {
        "nixpkgs": [
          "nixpkgs"
        ]
      },
      "locked": {
        "lastModified": 1742729596,
        "narHash": "sha256-ToLKdyPFk+yRFCOeXxDT5bvRbAb2MPWhIjdxVnrRdr4=",
        "owner": "qowoz",
        "repo": "nix-darwin",
        "rev": "5ab24bc62a07ab913d2938f34a69c8d8002741d7",
        "type": "github"
      },
      "original": {
        "owner": "qowoz",
        "ref": "darwin-sudo",
        "repo": "nix-darwin",
        "type": "github"
      }
    },
    "nix-index-database": {
      "inputs": {
        "nixpkgs": [
          "nixpkgs"
        ]
      },
      "locked": {
        "lastModified": 1743911143,
        "narHash": "sha256-4j4JPwr0TXHH4ZyorXN5yIcmqIQr0WYacsuPA4ktONo=",
        "owner": "nix-community",
        "repo": "nix-index-database",
        "rev": "a36f6a7148aec2c77d78e4466215cceb2f5f4bfb",
        "type": "github"
      },
      "original": {
        "owner": "nix-community",
        "repo": "nix-index-database",
        "type": "github"
      }
    },
    "nixos-facter-modules": {
      "locked": {
        "lastModified": 1743671943,
        "narHash": "sha256-7sYig0+RcrR3sOL5M+2spbpFUHyEP7cnUvCaqFOBjyU=",
        "owner": "nix-community",
        "repo": "nixos-facter-modules",
        "rev": "58ad9691670d293a15221d4a78818e0088d2e086",
        "type": "github"
      },
      "original": {
        "owner": "nix-community",
        "repo": "nixos-facter-modules",
        "type": "github"
      }
    },
    "nixpkgs": {
      "locked": {
        "lastModified": 1743862455,
        "narHash": "sha256-I/QXtrqznq1321mYR9TyMPX/zCWb9iAH64hO+pEBY00=",
        "owner": "NixOS",
        "repo": "nixpkgs",
        "rev": "06f3516b0397bd241bde2daefc8538fc886c5467",
        "type": "github"
      },
      "original": {
        "owner": "NixOS",
        "ref": "nixos-unstable-small",
        "repo": "nixpkgs",
        "type": "github"
      }
    },
    "nixpkgs-update": {
      "inputs": {
        "mmdoc": [
          "empty"
        ],
        "nixpkgs": "nixpkgs_2",
        "treefmt-nix": [
          "treefmt-nix"
        ]
      },
      "locked": {
        "lastModified": 1742857976,
        "narHash": "sha256-R5WdC2A9PJRYO3WqN373tSkhrO9PbM/6EbBYP29hcyc=",
        "owner": "nix-community",
        "repo": "nixpkgs-update",
        "rev": "848718d420e29d272a216a314a6820e4ca86da69",
        "type": "github"
      },
      "original": {
        "owner": "nix-community",
        "ref": "infra",
        "repo": "nixpkgs-update",
        "type": "github"
      }
    },
    "nixpkgs-update-github-releases": {
      "flake": false,
      "locked": {
        "lastModified": 1741998390,
        "narHash": "sha256-ffy2saTa5KZ3iBGy2yoWWdrM9g2jVpB0r+4aoeJig64=",
        "owner": "nix-community",
        "repo": "nixpkgs-update-github-releases",
        "rev": "464a64294af857d450fbe5de7ee1502b61482f08",
        "type": "github"
      },
      "original": {
        "owner": "nix-community",
        "repo": "nixpkgs-update-github-releases",
        "type": "github"
      }
    },
    "nixpkgs_2": {
      "locked": {
        "lastModified": 1672428209,
        "narHash": "sha256-eejhqkDz2cb2vc5VeaWphJz8UXNuoNoM8/Op8eWv2tQ=",
        "owner": "NixOS",
        "repo": "nixpkgs",
        "rev": "293a28df6d7ff3dec1e61e37cc4ee6e6c0fb0847",
        "type": "github"
      },
      "original": {
        "id": "nixpkgs",
        "type": "indirect"
      }
    },
    "nur-update": {
      "inputs": {
        "nixpkgs": [
          "nixpkgs"
        ]
      },
      "locked": {
        "lastModified": 1741624573,
        "narHash": "sha256-yDE+RKYRL8AvsF65tfWQVpWszVzvbuAZu53AfoZ6ybI=",
        "owner": "nix-community",
        "repo": "nur-update",
        "rev": "c04f05268ccb67296ae1f4bf3fb950622ddf6a81",
        "type": "github"
      },
      "original": {
        "owner": "nix-community",
        "repo": "nur-update",
        "type": "github"
      }
    },
    "root": {
      "inputs": {
        "buildbot-nix": "buildbot-nix",
        "disko": "disko",
        "empty": "empty",
        "flake-compat": "flake-compat",
        "flake-parts": "flake-parts",
        "hercules-ci-effects": "hercules-ci-effects",
        "hydra": "hydra",
        "lite-config": "lite-config",
        "nix": "nix",
        "nix-darwin": "nix-darwin",
        "nix-index-database": "nix-index-database",
        "nixos-facter-modules": "nixos-facter-modules",
        "nixpkgs": "nixpkgs",
        "nixpkgs-update": "nixpkgs-update",
        "nixpkgs-update-github-releases": "nixpkgs-update-github-releases",
        "nur-update": "nur-update",
        "sops-nix": "sops-nix",
        "srvos": "srvos",
        "systems": "systems",
        "treefmt-nix": "treefmt-nix"
      }
    },
    "sops-nix": {
      "inputs": {
        "nixpkgs": [
          "nixpkgs"
        ]
      },
      "locked": {
        "lastModified": 1743910657,
        "narHash": "sha256-zr2jmWeWyhCD8WmO2aWov2g0WPPuZfcJDKzMJZYGq3Y=",
        "owner": "Mic92",
        "repo": "sops-nix",
        "rev": "523f58a4faff6c67f5f685bed33a7721e984c304",
        "type": "github"
      },
      "original": {
        "owner": "Mic92",
        "repo": "sops-nix",
        "type": "github"
      }
    },
    "srvos": {
      "inputs": {
        "nixpkgs": [
          "nixpkgs"
        ]
      },
      "locked": {
        "lastModified": 1743041209,
        "narHash": "sha256-ANo3g355dNIF0Rtv3eLrJPu1h58Pn6O6mK0oBrcBq8A=",
        "owner": "nix-community",
        "repo": "srvos",
        "rev": "7a4dc5c1112b2cde72ab05f70f522cfecb9c48d1",
        "type": "github"
      },
      "original": {
        "owner": "nix-community",
        "repo": "srvos",
        "type": "github"
      }
    },
    "systems": {
      "locked": {
        "lastModified": 1681028828,
        "narHash": "sha256-Vy1rq5AaRuLzOxct8nz4T6wlgyUR7zLU309k9mBC768=",
        "owner": "nix-systems",
        "repo": "default",
        "rev": "da67096a3b9bf56a91d16901293e51ba5b49a27e",
        "type": "github"
      },
      "original": {
        "owner": "nix-systems",
        "repo": "default",
        "type": "github"
      }
    },
    "treefmt-nix": {
      "inputs": {
        "nixpkgs": [
          "nixpkgs"
        ]
      },
      "locked": {
        "lastModified": 1743748085,
        "narHash": "sha256-uhjnlaVTWo5iD3LXics1rp9gaKgDRQj6660+gbUU3cE=",
        "owner": "numtide",
        "repo": "treefmt-nix",
        "rev": "815e4121d6a5d504c0f96e5be2dd7f871e4fd99d",
        "type": "github"
      },
      "original": {
        "owner": "numtide",
        "repo": "treefmt-nix",
        "type": "github"
      }
    }
  },
  "root": "root",
  "version": 7
}
