{
  "nodes": {
    "nixpkgs": {
      "locked": {
        "lastModified": 1683212983,
        "narHash": "sha256-4GwtXD3tBUtBAL20ygoOggZWgLdxU34VZ1vanbV64KI=",
        "owner": "NixOS",
        "repo": "nixpkgs",
        "rev": "5751551558d7896ffb30ff3d709b4943bb3eafa8",
        "type": "github"
      },
      "original": {
        "owner": "NixOS",
        "ref": "nixos-unstable-small",
        "repo": "nixpkgs",
        "type": "github"
      }
    },
    "root": {
      "inputs": {
        "nixpkgs": "nixpkgs"
      }
    }
  },
  "root": "root",
  "version": 7
}
